
Microsoft Visual Studio Solution File, Format Version 12.00
# Visual Studio 15
VisualStudioVersion = 15.0.28307.1684
MinimumVisualStudioVersion = 10.0.40219.1
Project("{8BC9CEB8-8B4A-11D0-8D11-00A0C91BC942}") = "OOP_vjezba_03_04", "OOP_vjezba_03_04\OOP_vjezba_03_04.vcxproj", "{82F8D003-9511-4BCA-8918-175F7092C32E}"
EndProject
Global
	GlobalSection(SolutionConfigurationPlatforms) = preSolution
		Debug|x64 = Debug|x64
		Debug|x86 = Debug|x86
		Release|x64 = Release|x64
		Release|x86 = Release|x86
	EndGlobalSection
	GlobalSection(ProjectConfigurationPlatforms) = postSolution
		{82F8D003-9511-4BCA-8918-175F7092C32E}.Debug|x64.ActiveCfg = Debug|x64
		{82F8D003-9511-4BCA-8918-175F7092C32E}.Debug|x64.Build.0 = Debug|x64
		{82F8D003-9511-4BCA-8918-175F7092C32E}.Debug|x86.ActiveCfg = Debug|Win32
		{82F8D003-9511-4BCA-8918-175F7092C32E}.Debug|x86.Build.0 = Debug|Win32
		{82F8D003-9511-4BCA-8918-175F7092C32E}.Release|x64.ActiveCfg = Release|x64
		{82F8D003-9511-4BCA-8918-175F7092C32E}.Release|x64.Build.0 = Release|x64
		{82F8D003-9511-4BCA-8918-175F7092C32E}.Release|x86.ActiveCfg = Release|Win32
		{82F8D003-9511-4BCA-8918-175F7092C32E}.Release|x86.Build.0 = Release|Win32
	EndGlobalSection
	GlobalSection(SolutionProperties) = preSolution
		HideSolutionNode = FALSE
	EndGlobalSection
	GlobalSection(ExtensibilityGlobals) = postSolution
		SolutionGuid = {9B8538E5-550A-4995-B173-5545A97265AB}
	EndGlobalSection
EndGlobal
