
Microsoft Visual Studio Solution File, Format Version 12.00
# Visual Studio 15
VisualStudioVersion = 15.0.28307.1684
MinimumVisualStudioVersion = 10.0.40219.1
Project("{8BC9CEB8-8B4A-11D0-8D11-00A0C91BC942}") = "OOP_vjezba_03_03", "OOP_vjezba_03_03\OOP_vjezba_03_03.vcxproj", "{054BE6BF-8DEF-4535-B8D6-C1C49CA2C3AC}"
EndProject
Global
	GlobalSection(SolutionConfigurationPlatforms) = preSolution
		Debug|x64 = Debug|x64
		Debug|x86 = Debug|x86
		Release|x64 = Release|x64
		Release|x86 = Release|x86
	EndGlobalSection
	GlobalSection(ProjectConfigurationPlatforms) = postSolution
		{054BE6BF-8DEF-4535-B8D6-C1C49CA2C3AC}.Debug|x64.ActiveCfg = Debug|x64
		{054BE6BF-8DEF-4535-B8D6-C1C49CA2C3AC}.Debug|x64.Build.0 = Debug|x64
		{054BE6BF-8DEF-4535-B8D6-C1C49CA2C3AC}.Debug|x86.ActiveCfg = Debug|Win32
		{054BE6BF-8DEF-4535-B8D6-C1C49CA2C3AC}.Debug|x86.Build.0 = Debug|Win32
		{054BE6BF-8DEF-4535-B8D6-C1C49CA2C3AC}.Release|x64.ActiveCfg = Release|x64
		{054BE6BF-8DEF-4535-B8D6-C1C49CA2C3AC}.Release|x64.Build.0 = Release|x64
		{054BE6BF-8DEF-4535-B8D6-C1C49CA2C3AC}.Release|x86.ActiveCfg = Release|Win32
		{054BE6BF-8DEF-4535-B8D6-C1C49CA2C3AC}.Release|x86.Build.0 = Release|Win32
	EndGlobalSection
	GlobalSection(SolutionProperties) = preSolution
		HideSolutionNode = FALSE
	EndGlobalSection
	GlobalSection(ExtensibilityGlobals) = postSolution
		SolutionGuid = {5343C3EB-451F-480C-91C1-DC875AA4C61C}
	EndGlobalSection
EndGlobal
